{
  "name": "fireweave-example-node",
  "version": "0.1.0",
  "lockfileVersion": 3,
  "requires": true,
  "packages": {
    "": {
      "name": "fireweave-example-node",
      "version": "0.1.0",
      "dependencies": {
        "@fireweaveai/server-sdk": "file:../../sdks/node"
      },
      "engines": {
        "node": ">=20.20"
      }
    },
    "../../sdks/node": {
      "name": "@fireweaveai/server-sdk",
      "version": "2.1.0",
      "license": "MIT",
      "devDependencies": {
        "@openfeature/server-sdk": "1.22.0",
        "@types/node": "^24.0.0",
        "tsx": "^4.20.3",
        "typescript": "^5.6.0"
      },
      "engines": {
        "node": ">=20.20"
      }
    },
    "node_modules/@fireweaveai/server-sdk": {
      "resolved": "../../sdks/node",
      "link": true
    }
  }
}
